
Microsoft Visual Studio Solution File, Format Version 12.00
# Visual Studio Version 17
VisualStudioVersion = 17.11.35208.52
MinimumVisualStudioVersion = 10.0.40219.1
Project("{FAE04EC0-301F-11D3-BF4B-00C04F79EFBC}") = "SmartHomeSystem", "SmartHomeSystem\SmartHomeSystem.csproj", "{EA5AC35B-F6D6-4BB7-B2F6-79B9A017DED6}"
EndProject
Global
	GlobalSection(SolutionConfigurationPlatforms) = preSolution
		Debug|Any CPU = Debug|Any CPU
		Release|Any CPU = Release|Any CPU
	EndGlobalSection
	GlobalSection(ProjectConfigurationPlatforms) = postSolution
		{EA5AC35B-F6D6-4BB7-B2F6-79B9A017DED6}.Debug|Any CPU.ActiveCfg = Debug|Any CPU
		{EA5AC35B-F6D6-4BB7-B2F6-79B9A017DED6}.Debug|Any CPU.Build.0 = Debug|Any CPU
		{EA5AC35B-F6D6-4BB7-B2F6-79B9A017DED6}.Release|Any CPU.ActiveCfg = Release|Any CPU
		{EA5AC35B-F6D6-4BB7-B2F6-79B9A017DED6}.Release|Any CPU.Build.0 = Release|Any CPU
	EndGlobalSection
	GlobalSection(SolutionProperties) = preSolution
		HideSolutionNode = FALSE
	EndGlobalSection
	GlobalSection(ExtensibilityGlobals) = postSolution
		SolutionGuid = {63D8BBFD-0BF2-4255-A692-6618E2D31EDA}
	EndGlobalSection
EndGlobal
